
Microsoft Visual Studio Solution File, Format Version 12.00
# Visual Studio Version 17
VisualStudioVersion = 17.6.33815.320
MinimumVisualStudioVersion = 10.0.40219.1
Project("{FAE04EC0-301F-11D3-BF4B-00C04F79EFBC}") = "2.gyak", "2.gyak\2.gyak.csproj", "{EC84C602-628A-4D24-92E6-A958A05F2D2E}"
EndProject
Global
	GlobalSection(SolutionConfigurationPlatforms) = preSolution
		Debug|Any CPU = Debug|Any CPU
		Release|Any CPU = Release|Any CPU
	EndGlobalSection
	GlobalSection(ProjectConfigurationPlatforms) = postSolution
		{EC84C602-628A-4D24-92E6-A958A05F2D2E}.Debug|Any CPU.ActiveCfg = Debug|Any CPU
		{EC84C602-628A-4D24-92E6-A958A05F2D2E}.Debug|Any CPU.Build.0 = Debug|Any CPU
		{EC84C602-628A-4D24-92E6-A958A05F2D2E}.Release|Any CPU.ActiveCfg = Release|Any CPU
		{EC84C602-628A-4D24-92E6-A958A05F2D2E}.Release|Any CPU.Build.0 = Release|Any CPU
	EndGlobalSection
	GlobalSection(SolutionProperties) = preSolution
		HideSolutionNode = FALSE
	EndGlobalSection
	GlobalSection(ExtensibilityGlobals) = postSolution
		SolutionGuid = {0CDC6E11-0440-4064-BBBF-9653C6BF404A}
	EndGlobalSection
EndGlobal
