
Microsoft Visual Studio Solution File, Format Version 12.00
# Visual Studio Version 17
VisualStudioVersion = 17.6.33815.320
MinimumVisualStudioVersion = 10.0.40219.1
Project("{9A19103F-16F7-4668-BE54-9A1E7A4F7556}") = "2.gyak", "2.gyak\2.gyak.csproj", "{EC84C602-628A-4D24-92E6-A958A05F2D2E}"
EndProject
Project("{9A19103F-16F7-4668-BE54-9A1E7A4F7556}") = "szorzotabla", "szorzotabla\szorzotabla.csproj", "{E33BDDEC-148C-440D-AD1B-790E9B376E67}"
EndProject
Project("{9A19103F-16F7-4668-BE54-9A1E7A4F7556}") = "Fibonacci", "Fibonacci\Fibonacci.csproj", "{43468615-67BE-4883-9CA5-534AF264C411}"
EndProject
Project("{9A19103F-16F7-4668-BE54-9A1E7A4F7556}") = "PascalHaromszog", "PascalHaromszog\PascalHaromszog.csproj", "{23468D56-ECD3-4980-9FD4-828686F20474}"
EndProject
Project("{FAE04EC0-301F-11D3-BF4B-00C04F79EFBC}") = "HajozasTeszt", "HajozasTeszt\HajozasTeszt.csproj", "{ACEBC734-C85B-4E76-91C0-3CF5135873C8}"
EndProject
Project("{FAE04EC0-301F-11D3-BF4B-00C04F79EFBC}") = "Kigyósjatek", "Kigyósjatek\Kigyósjatek.csproj", "{3DEB2A2E-343A-4415-BCD9-91C3A2661B6D}"
EndProject
Project("{FAE04EC0-301F-11D3-BF4B-00C04F79EFBC}") = "DataBinding", "DataBinding\DataBinding.csproj", "{AE77E507-59E0-47BE-85AD-EF383B8F88C3}"
EndProject
Project("{FAE04EC0-301F-11D3-BF4B-00C04F79EFBC}") = "ZHMinta(gyak)", "ZHMinta\ZHMinta(gyak).csproj", "{7B631B62-C0D8-4C0E-A950-FDD692F1CFBE}"
EndProject
Global
	GlobalSection(SolutionConfigurationPlatforms) = preSolution
		Debug|Any CPU = Debug|Any CPU
		Release|Any CPU = Release|Any CPU
	EndGlobalSection
	GlobalSection(ProjectConfigurationPlatforms) = postSolution
		{EC84C602-628A-4D24-92E6-A958A05F2D2E}.Debug|Any CPU.ActiveCfg = Debug|Any CPU
		{EC84C602-628A-4D24-92E6-A958A05F2D2E}.Debug|Any CPU.Build.0 = Debug|Any CPU
		{EC84C602-628A-4D24-92E6-A958A05F2D2E}.Release|Any CPU.ActiveCfg = Release|Any CPU
		{EC84C602-628A-4D24-92E6-A958A05F2D2E}.Release|Any CPU.Build.0 = Release|Any CPU
		{E33BDDEC-148C-440D-AD1B-790E9B376E67}.Debug|Any CPU.ActiveCfg = Debug|Any CPU
		{E33BDDEC-148C-440D-AD1B-790E9B376E67}.Debug|Any CPU.Build.0 = Debug|Any CPU
		{E33BDDEC-148C-440D-AD1B-790E9B376E67}.Release|Any CPU.ActiveCfg = Release|Any CPU
		{E33BDDEC-148C-440D-AD1B-790E9B376E67}.Release|Any CPU.Build.0 = Release|Any CPU
		{43468615-67BE-4883-9CA5-534AF264C411}.Debug|Any CPU.ActiveCfg = Debug|Any CPU
		{43468615-67BE-4883-9CA5-534AF264C411}.Debug|Any CPU.Build.0 = Debug|Any CPU
		{43468615-67BE-4883-9CA5-534AF264C411}.Release|Any CPU.ActiveCfg = Release|Any CPU
		{43468615-67BE-4883-9CA5-534AF264C411}.Release|Any CPU.Build.0 = Release|Any CPU
		{23468D56-ECD3-4980-9FD4-828686F20474}.Debug|Any CPU.ActiveCfg = Debug|Any CPU
		{23468D56-ECD3-4980-9FD4-828686F20474}.Debug|Any CPU.Build.0 = Debug|Any CPU
		{23468D56-ECD3-4980-9FD4-828686F20474}.Release|Any CPU.ActiveCfg = Release|Any CPU
		{23468D56-ECD3-4980-9FD4-828686F20474}.Release|Any CPU.Build.0 = Release|Any CPU
		{ACEBC734-C85B-4E76-91C0-3CF5135873C8}.Debug|Any CPU.ActiveCfg = Debug|Any CPU
		{ACEBC734-C85B-4E76-91C0-3CF5135873C8}.Debug|Any CPU.Build.0 = Debug|Any CPU
		{ACEBC734-C85B-4E76-91C0-3CF5135873C8}.Release|Any CPU.ActiveCfg = Release|Any CPU
		{ACEBC734-C85B-4E76-91C0-3CF5135873C8}.Release|Any CPU.Build.0 = Release|Any CPU
		{3DEB2A2E-343A-4415-BCD9-91C3A2661B6D}.Debug|Any CPU.ActiveCfg = Debug|Any CPU
		{3DEB2A2E-343A-4415-BCD9-91C3A2661B6D}.Debug|Any CPU.Build.0 = Debug|Any CPU
		{3DEB2A2E-343A-4415-BCD9-91C3A2661B6D}.Release|Any CPU.ActiveCfg = Release|Any CPU
		{3DEB2A2E-343A-4415-BCD9-91C3A2661B6D}.Release|Any CPU.Build.0 = Release|Any CPU
		{AE77E507-59E0-47BE-85AD-EF383B8F88C3}.Debug|Any CPU.ActiveCfg = Debug|Any CPU
		{AE77E507-59E0-47BE-85AD-EF383B8F88C3}.Debug|Any CPU.Build.0 = Debug|Any CPU
		{AE77E507-59E0-47BE-85AD-EF383B8F88C3}.Release|Any CPU.ActiveCfg = Release|Any CPU
		{AE77E507-59E0-47BE-85AD-EF383B8F88C3}.Release|Any CPU.Build.0 = Release|Any CPU
		{7B631B62-C0D8-4C0E-A950-FDD692F1CFBE}.Debug|Any CPU.ActiveCfg = Debug|Any CPU
		{7B631B62-C0D8-4C0E-A950-FDD692F1CFBE}.Debug|Any CPU.Build.0 = Debug|Any CPU
		{7B631B62-C0D8-4C0E-A950-FDD692F1CFBE}.Release|Any CPU.ActiveCfg = Release|Any CPU
		{7B631B62-C0D8-4C0E-A950-FDD692F1CFBE}.Release|Any CPU.Build.0 = Release|Any CPU
	EndGlobalSection
	GlobalSection(SolutionProperties) = preSolution
		HideSolutionNode = FALSE
	EndGlobalSection
	GlobalSection(ExtensibilityGlobals) = postSolution
		SolutionGuid = {0CDC6E11-0440-4064-BBBF-9653C6BF404A}
	EndGlobalSection
EndGlobal
